
Microsoft Visual Studio Solution File, Format Version 12.00
# Visual Studio Version 17
VisualStudioVersion = 17.5.001.0
MinimumVisualStudioVersion = 10.0.40219.1
Project("{9A19103F-16F7-4668-BE54-9A1E7A4F7556}") = "ContosoPizza", "ContosoPizza.csproj", "{4ABB016D-9E2D-4E48-9E16-27A03DB2213E}"
EndProject
Global
	GlobalSection(SolutionConfigurationPlatforms) = preSolution
		Debug|Any CPU = Debug|Any CPU
		Release|Any CPU = Release|Any CPU
	EndGlobalSection
	GlobalSection(ProjectConfigurationPlatforms) = postSolution
		{4ABB016D-9E2D-4E48-9E16-27A03DB2213E}.Debug|Any CPU.ActiveCfg = Debug|Any CPU
		{4ABB016D-9E2D-4E48-9E16-27A03DB2213E}.Debug|Any CPU.Build.0 = Debug|Any CPU
		{4ABB016D-9E2D-4E48-9E16-27A03DB2213E}.Release|Any CPU.ActiveCfg = Release|Any CPU
		{4ABB016D-9E2D-4E48-9E16-27A03DB2213E}.Release|Any CPU.Build.0 = Release|Any CPU
	EndGlobalSection
	GlobalSection(SolutionProperties) = preSolution
		HideSolutionNode = FALSE
	EndGlobalSection
	GlobalSection(ExtensibilityGlobals) = postSolution
		SolutionGuid = {5FDB90DD-2A83-4E41-B3E7-E654C7319B79}
	EndGlobalSection
EndGlobal
